
Microsoft Visual Studio Solution File, Format Version 12.00
# Visual Studio Version 17
VisualStudioVersion = 17.7.34031.279
MinimumVisualStudioVersion = 10.0.40219.1
Project("{FAE04EC0-301F-11D3-BF4B-00C04F79EFBC}") = "lab6", "lab6\lab6.csproj", "{B3FE4B93-652E-479A-8DFB-FCC0863DFD9C}"
EndProject
Global
	GlobalSection(SolutionConfigurationPlatforms) = preSolution
		Debug|Any CPU = Debug|Any CPU
		Release|Any CPU = Release|Any CPU
	EndGlobalSection
	GlobalSection(ProjectConfigurationPlatforms) = postSolution
		{B3FE4B93-652E-479A-8DFB-FCC0863DFD9C}.Debug|Any CPU.ActiveCfg = Debug|Any CPU
		{B3FE4B93-652E-479A-8DFB-FCC0863DFD9C}.Debug|Any CPU.Build.0 = Debug|Any CPU
		{B3FE4B93-652E-479A-8DFB-FCC0863DFD9C}.Release|Any CPU.ActiveCfg = Release|Any CPU
		{B3FE4B93-652E-479A-8DFB-FCC0863DFD9C}.Release|Any CPU.Build.0 = Release|Any CPU
	EndGlobalSection
	GlobalSection(SolutionProperties) = preSolution
		HideSolutionNode = FALSE
	EndGlobalSection
	GlobalSection(ExtensibilityGlobals) = postSolution
		SolutionGuid = {AC11346F-FED5-44E4-81D0-348D7A3ED479}
	EndGlobalSection
EndGlobal
